
Microsoft Visual Studio Solution File, Format Version 12.00
# Visual Studio Version 17
VisualStudioVersion = 17.13.35828.75 d17.13
MinimumVisualStudioVersion = 10.0.40219.1
Project("{FAE04EC0-301F-11D3-BF4B-00C04F79EFBC}") = "TourSelection", "TourSelection\TourSelection.csproj", "{47DD3FCC-20CE-463C-9779-8A5686909599}"
EndProject
Project("{FAE04EC0-301F-11D3-BF4B-00C04F79EFBC}") = "EmailServiceConsumer", "EmailServiceConsumer\EmailServiceConsumer.csproj", "{5136B797-F32D-4911-9B98-737B31DD24A2}"
EndProject
Project("{FAE04EC0-301F-11D3-BF4B-00C04F79EFBC}") = "BackOfficeConsumer", "BackOfficeConsumer\BackOfficeConsumer.csproj", "{F6FCEBDF-6B5B-4827-960C-81AB0D370767}"
EndProject
Global
	GlobalSection(SolutionConfigurationPlatforms) = preSolution
		Debug|Any CPU = Debug|Any CPU
		Release|Any CPU = Release|Any CPU
	EndGlobalSection
	GlobalSection(ProjectConfigurationPlatforms) = postSolution
		{47DD3FCC-20CE-463C-9779-8A5686909599}.Debug|Any CPU.ActiveCfg = Debug|Any CPU
		{47DD3FCC-20CE-463C-9779-8A5686909599}.Debug|Any CPU.Build.0 = Debug|Any CPU
		{47DD3FCC-20CE-463C-9779-8A5686909599}.Release|Any CPU.ActiveCfg = Release|Any CPU
		{47DD3FCC-20CE-463C-9779-8A5686909599}.Release|Any CPU.Build.0 = Release|Any CPU
		{5136B797-F32D-4911-9B98-737B31DD24A2}.Debug|Any CPU.ActiveCfg = Debug|Any CPU
		{5136B797-F32D-4911-9B98-737B31DD24A2}.Debug|Any CPU.Build.0 = Debug|Any CPU
		{5136B797-F32D-4911-9B98-737B31DD24A2}.Release|Any CPU.ActiveCfg = Release|Any CPU
		{5136B797-F32D-4911-9B98-737B31DD24A2}.Release|Any CPU.Build.0 = Release|Any CPU
		{F6FCEBDF-6B5B-4827-960C-81AB0D370767}.Debug|Any CPU.ActiveCfg = Debug|Any CPU
		{F6FCEBDF-6B5B-4827-960C-81AB0D370767}.Debug|Any CPU.Build.0 = Debug|Any CPU
		{F6FCEBDF-6B5B-4827-960C-81AB0D370767}.Release|Any CPU.ActiveCfg = Release|Any CPU
		{F6FCEBDF-6B5B-4827-960C-81AB0D370767}.Release|Any CPU.Build.0 = Release|Any CPU
	EndGlobalSection
	GlobalSection(SolutionProperties) = preSolution
		HideSolutionNode = FALSE
	EndGlobalSection
	GlobalSection(ExtensibilityGlobals) = postSolution
		SolutionGuid = {0B2437CB-3670-49E4-92FD-9C043126F05A}
	EndGlobalSection
EndGlobal
