
Microsoft Visual Studio Solution File, Format Version 12.00
# Visual Studio Version 17
VisualStudioVersion = 17.13.35828.75
MinimumVisualStudioVersion = 10.0.40219.1
Project("{2150E333-8FDC-42A3-9474-1A3956D46DE8}") = "Identity", "Identity", "{02EA681E-C7D8-13C7-8484-4AC65E1B71E8}"
EndProject
Project("{2150E333-8FDC-42A3-9474-1A3956D46DE8}") = "Basket", "Basket", "{1AE1EBDA-173D-4976-A1BC-DACEF706800E}"
EndProject
Project("{2150E333-8FDC-42A3-9474-1A3956D46DE8}") = "Order", "Order", "{0790BF7E-6191-4E47-86C7-5F31A1957A6F}"
EndProject
Project("{2150E333-8FDC-42A3-9474-1A3956D46DE8}") = "Catalog", "Catalog", "{7C407B4F-AF1C-4063-A620-DAE69E0D845A}"
EndProject
Project("{FAE04EC0-301F-11D3-BF4B-00C04F79EFBC}") = "eShop.Identity.API", "eShop.Identity.API\eShop.Identity.API.csproj", "{50BA325F-78C6-4748-880C-7C9E1EF3EF90}"
EndProject
Project("{FAE04EC0-301F-11D3-BF4B-00C04F79EFBC}") = "eShop.Catalog.API", "eShop.Catalog.API\eShop.Catalog.API.csproj", "{3348DF2C-CCDC-4356-8721-6916C7F0D0E7}"
EndProject
Project("{FAE04EC0-301F-11D3-BF4B-00C04F79EFBC}") = "eShop.Basket.API", "eShop.Basket.API\eShop.Basket.API.csproj", "{B1519E6E-1D3E-419E-9BB6-1E15C2FFD305}"
EndProject
Project("{FAE04EC0-301F-11D3-BF4B-00C04F79EFBC}") = "eShop.Basket.Domain", "eShop.Basket.Domain\eShop.Basket.Domain.csproj", "{3EB5CD70-C8CE-4E9C-863B-667DA3E9B2D0}"
EndProject
Project("{FAE04EC0-301F-11D3-BF4B-00C04F79EFBC}") = "eShop.Basket.Application", "eShop.Basket.Application\eShop.Basket.Application.csproj", "{29EE02D7-9D4C-49F1-89F3-8AEA812F4C61}"
EndProject
Project("{FAE04EC0-301F-11D3-BF4B-00C04F79EFBC}") = "eShop.Basket.Infrastructure", "eShop.Basket.Infrastructure\eShop.Basket.Infrastructure.csproj", "{84ED5E14-C0A8-4463-8675-EB445CB87EF9}"
EndProject
Project("{2150E333-8FDC-42A3-9474-1A3956D46DE8}") = "API Gateway", "API Gateway", "{F065A6C3-AB74-4440-97E1-E2AA74FC9166}"
EndProject
Project("{FAE04EC0-301F-11D3-BF4B-00C04F79EFBC}") = "Gateway.Api", "Gateway.Api\Gateway.Api.csproj", "{04737D57-D65A-4E25-A600-5AC92A709BBE}"
EndProject
Project("{2150E333-8FDC-42A3-9474-1A3956D46DE8}") = "Solution Items", "Solution Items", "{8EC462FD-D22E-90A8-E5CE-7E832BA40C5D}"
	ProjectSection(SolutionItems) = preProject
		README.md = README.md
	EndProjectSection
EndProject
Project("{2150E333-8FDC-42A3-9474-1A3956D46DE8}") = "eShop Microservices", "eShop Microservices", "{48C38C8C-8CF6-4FC8-B391-F77672FED722}"
EndProject
Project("{2150E333-8FDC-42A3-9474-1A3956D46DE8}") = "eShop Monolith", "eShop Monolith", "{EC5B3E39-AAC7-41D9-82D2-8B11C5F0E803}"
EndProject
Project("{FAE04EC0-301F-11D3-BF4B-00C04F79EFBC}") = "ApplicationCore", "eShopOnWeb-Monolith\src\ApplicationCore\ApplicationCore.csproj", "{30D0EF87-CBA8-1127-3D11-A67DDB3D7406}"
EndProject
Project("{FAE04EC0-301F-11D3-BF4B-00C04F79EFBC}") = "BlazorAdmin", "eShopOnWeb-Monolith\src\BlazorAdmin\BlazorAdmin.csproj", "{B932C224-375D-3388-6319-FA5EC8C5D445}"
EndProject
Project("{FAE04EC0-301F-11D3-BF4B-00C04F79EFBC}") = "BlazorShared", "eShopOnWeb-Monolith\src\BlazorShared\BlazorShared.csproj", "{70037ABF-7F3B-BE00-6C81-07BDEF8EA49A}"
EndProject
Project("{FAE04EC0-301F-11D3-BF4B-00C04F79EFBC}") = "Infrastructure", "eShopOnWeb-Monolith\src\Infrastructure\Infrastructure.csproj", "{3FB63400-4047-7862-283B-E2B48C99F1BC}"
EndProject
Project("{FAE04EC0-301F-11D3-BF4B-00C04F79EFBC}") = "PublicApi", "eShopOnWeb-Monolith\src\PublicApi\PublicApi.csproj", "{E252D0B9-74A1-B468-849B-C426CE793467}"
EndProject
Project("{FAE04EC0-301F-11D3-BF4B-00C04F79EFBC}") = "Web", "eShopOnWeb-Monolith\src\Web\Web.csproj", "{6EE121D2-B717-E4CF-F6E7-B5B66ABB5893}"
EndProject
Project("{FAE04EC0-301F-11D3-BF4B-00C04F79EFBC}") = "OrderService.Domain", "OrderService.Domain\OrderService.Domain.csproj", "{B1821471-194D-4462-8F14-1B86617458B6}"
EndProject
Project("{FAE04EC0-301F-11D3-BF4B-00C04F79EFBC}") = "OrderService.Infrastructure", "OrderService.Infrastructure\OrderService.Infrastructure.csproj", "{2165F021-E13F-45E8-90CA-98CA46A618BA}"
	ProjectSection(ProjectDependencies) = postProject
		{B1821471-194D-4462-8F14-1B86617458B6} = {B1821471-194D-4462-8F14-1B86617458B6}
	EndProjectSection
EndProject
Project("{FAE04EC0-301F-11D3-BF4B-00C04F79EFBC}") = "OrderService.Api", "OrderService.Api\OrderService.Api.csproj", "{97BAF035-B992-4811-84D7-2055D69A269A}"
EndProject
Project("{FAE04EC0-301F-11D3-BF4B-00C04F79EFBC}") = "OrderService.Domain.Tests", "OrderService.Domain.Tests\OrderService.Domain.Tests.csproj", "{60E7A68B-19D8-4E9C-88E9-01B6BE9B9D4F}"
EndProject
Global
	GlobalSection(SolutionConfigurationPlatforms) = preSolution
		Debug|Any CPU = Debug|Any CPU
		Release|Any CPU = Release|Any CPU
	EndGlobalSection
	GlobalSection(ProjectConfigurationPlatforms) = postSolution
		{50BA325F-78C6-4748-880C-7C9E1EF3EF90}.Debug|Any CPU.ActiveCfg = Debug|Any CPU
		{50BA325F-78C6-4748-880C-7C9E1EF3EF90}.Debug|Any CPU.Build.0 = Debug|Any CPU
		{50BA325F-78C6-4748-880C-7C9E1EF3EF90}.Release|Any CPU.ActiveCfg = Release|Any CPU
		{50BA325F-78C6-4748-880C-7C9E1EF3EF90}.Release|Any CPU.Build.0 = Release|Any CPU
		{3348DF2C-CCDC-4356-8721-6916C7F0D0E7}.Debug|Any CPU.ActiveCfg = Debug|Any CPU
		{3348DF2C-CCDC-4356-8721-6916C7F0D0E7}.Debug|Any CPU.Build.0 = Debug|Any CPU
		{3348DF2C-CCDC-4356-8721-6916C7F0D0E7}.Release|Any CPU.ActiveCfg = Release|Any CPU
		{3348DF2C-CCDC-4356-8721-6916C7F0D0E7}.Release|Any CPU.Build.0 = Release|Any CPU
		{B1519E6E-1D3E-419E-9BB6-1E15C2FFD305}.Debug|Any CPU.ActiveCfg = Debug|Any CPU
		{B1519E6E-1D3E-419E-9BB6-1E15C2FFD305}.Debug|Any CPU.Build.0 = Debug|Any CPU
		{B1519E6E-1D3E-419E-9BB6-1E15C2FFD305}.Release|Any CPU.ActiveCfg = Release|Any CPU
		{B1519E6E-1D3E-419E-9BB6-1E15C2FFD305}.Release|Any CPU.Build.0 = Release|Any CPU
		{3EB5CD70-C8CE-4E9C-863B-667DA3E9B2D0}.Debug|Any CPU.ActiveCfg = Debug|Any CPU
		{3EB5CD70-C8CE-4E9C-863B-667DA3E9B2D0}.Debug|Any CPU.Build.0 = Debug|Any CPU
		{3EB5CD70-C8CE-4E9C-863B-667DA3E9B2D0}.Release|Any CPU.ActiveCfg = Release|Any CPU
		{3EB5CD70-C8CE-4E9C-863B-667DA3E9B2D0}.Release|Any CPU.Build.0 = Release|Any CPU
		{29EE02D7-9D4C-49F1-89F3-8AEA812F4C61}.Debug|Any CPU.ActiveCfg = Debug|Any CPU
		{29EE02D7-9D4C-49F1-89F3-8AEA812F4C61}.Debug|Any CPU.Build.0 = Debug|Any CPU
		{29EE02D7-9D4C-49F1-89F3-8AEA812F4C61}.Release|Any CPU.ActiveCfg = Release|Any CPU
		{29EE02D7-9D4C-49F1-89F3-8AEA812F4C61}.Release|Any CPU.Build.0 = Release|Any CPU
		{84ED5E14-C0A8-4463-8675-EB445CB87EF9}.Debug|Any CPU.ActiveCfg = Debug|Any CPU
		{84ED5E14-C0A8-4463-8675-EB445CB87EF9}.Debug|Any CPU.Build.0 = Debug|Any CPU
		{84ED5E14-C0A8-4463-8675-EB445CB87EF9}.Release|Any CPU.ActiveCfg = Release|Any CPU
		{84ED5E14-C0A8-4463-8675-EB445CB87EF9}.Release|Any CPU.Build.0 = Release|Any CPU
		{04737D57-D65A-4E25-A600-5AC92A709BBE}.Debug|Any CPU.ActiveCfg = Debug|Any CPU
		{04737D57-D65A-4E25-A600-5AC92A709BBE}.Debug|Any CPU.Build.0 = Debug|Any CPU
		{04737D57-D65A-4E25-A600-5AC92A709BBE}.Release|Any CPU.ActiveCfg = Release|Any CPU
		{04737D57-D65A-4E25-A600-5AC92A709BBE}.Release|Any CPU.Build.0 = Release|Any CPU
		{30D0EF87-CBA8-1127-3D11-A67DDB3D7406}.Debug|Any CPU.ActiveCfg = Debug|Any CPU
		{30D0EF87-CBA8-1127-3D11-A67DDB3D7406}.Debug|Any CPU.Build.0 = Debug|Any CPU
		{30D0EF87-CBA8-1127-3D11-A67DDB3D7406}.Release|Any CPU.ActiveCfg = Release|Any CPU
		{30D0EF87-CBA8-1127-3D11-A67DDB3D7406}.Release|Any CPU.Build.0 = Release|Any CPU
		{B932C224-375D-3388-6319-FA5EC8C5D445}.Debug|Any CPU.ActiveCfg = Debug|Any CPU
		{B932C224-375D-3388-6319-FA5EC8C5D445}.Debug|Any CPU.Build.0 = Debug|Any CPU
		{B932C224-375D-3388-6319-FA5EC8C5D445}.Release|Any CPU.ActiveCfg = Release|Any CPU
		{B932C224-375D-3388-6319-FA5EC8C5D445}.Release|Any CPU.Build.0 = Release|Any CPU
		{70037ABF-7F3B-BE00-6C81-07BDEF8EA49A}.Debug|Any CPU.ActiveCfg = Debug|Any CPU
		{70037ABF-7F3B-BE00-6C81-07BDEF8EA49A}.Debug|Any CPU.Build.0 = Debug|Any CPU
		{70037ABF-7F3B-BE00-6C81-07BDEF8EA49A}.Release|Any CPU.ActiveCfg = Release|Any CPU
		{70037ABF-7F3B-BE00-6C81-07BDEF8EA49A}.Release|Any CPU.Build.0 = Release|Any CPU
		{3FB63400-4047-7862-283B-E2B48C99F1BC}.Debug|Any CPU.ActiveCfg = Debug|Any CPU
		{3FB63400-4047-7862-283B-E2B48C99F1BC}.Debug|Any CPU.Build.0 = Debug|Any CPU
		{3FB63400-4047-7862-283B-E2B48C99F1BC}.Release|Any CPU.ActiveCfg = Release|Any CPU
		{3FB63400-4047-7862-283B-E2B48C99F1BC}.Release|Any CPU.Build.0 = Release|Any CPU
		{E252D0B9-74A1-B468-849B-C426CE793467}.Debug|Any CPU.ActiveCfg = Debug|Any CPU
		{E252D0B9-74A1-B468-849B-C426CE793467}.Debug|Any CPU.Build.0 = Debug|Any CPU
		{E252D0B9-74A1-B468-849B-C426CE793467}.Release|Any CPU.ActiveCfg = Release|Any CPU
		{E252D0B9-74A1-B468-849B-C426CE793467}.Release|Any CPU.Build.0 = Release|Any CPU
		{6EE121D2-B717-E4CF-F6E7-B5B66ABB5893}.Debug|Any CPU.ActiveCfg = Debug|Any CPU
		{6EE121D2-B717-E4CF-F6E7-B5B66ABB5893}.Debug|Any CPU.Build.0 = Debug|Any CPU
		{6EE121D2-B717-E4CF-F6E7-B5B66ABB5893}.Release|Any CPU.ActiveCfg = Release|Any CPU
		{6EE121D2-B717-E4CF-F6E7-B5B66ABB5893}.Release|Any CPU.Build.0 = Release|Any CPU
	EndGlobalSection
	GlobalSection(SolutionProperties) = preSolution
		HideSolutionNode = FALSE
	EndGlobalSection
	GlobalSection(NestedProjects) = preSolution
		{02EA681E-C7D8-13C7-8484-4AC65E1B71E8} = {48C38C8C-8CF6-4FC8-B391-F77672FED722}
		{1AE1EBDA-173D-4976-A1BC-DACEF706800E} = {48C38C8C-8CF6-4FC8-B391-F77672FED722}
		{0790BF7E-6191-4E47-86C7-5F31A1957A6F} = {48C38C8C-8CF6-4FC8-B391-F77672FED722}
		{7C407B4F-AF1C-4063-A620-DAE69E0D845A} = {48C38C8C-8CF6-4FC8-B391-F77672FED722}
		{50BA325F-78C6-4748-880C-7C9E1EF3EF90} = {02EA681E-C7D8-13C7-8484-4AC65E1B71E8}
		{3348DF2C-CCDC-4356-8721-6916C7F0D0E7} = {7C407B4F-AF1C-4063-A620-DAE69E0D845A}
		{B1519E6E-1D3E-419E-9BB6-1E15C2FFD305} = {1AE1EBDA-173D-4976-A1BC-DACEF706800E}
		{3EB5CD70-C8CE-4E9C-863B-667DA3E9B2D0} = {1AE1EBDA-173D-4976-A1BC-DACEF706800E}
		{29EE02D7-9D4C-49F1-89F3-8AEA812F4C61} = {1AE1EBDA-173D-4976-A1BC-DACEF706800E}
		{84ED5E14-C0A8-4463-8675-EB445CB87EF9} = {1AE1EBDA-173D-4976-A1BC-DACEF706800E}
		{F065A6C3-AB74-4440-97E1-E2AA74FC9166} = {48C38C8C-8CF6-4FC8-B391-F77672FED722}
		{04737D57-D65A-4E25-A600-5AC92A709BBE} = {F065A6C3-AB74-4440-97E1-E2AA74FC9166}
		{30D0EF87-CBA8-1127-3D11-A67DDB3D7406} = {EC5B3E39-AAC7-41D9-82D2-8B11C5F0E803}
		{B932C224-375D-3388-6319-FA5EC8C5D445} = {EC5B3E39-AAC7-41D9-82D2-8B11C5F0E803}
		{70037ABF-7F3B-BE00-6C81-07BDEF8EA49A} = {EC5B3E39-AAC7-41D9-82D2-8B11C5F0E803}
		{3FB63400-4047-7862-283B-E2B48C99F1BC} = {EC5B3E39-AAC7-41D9-82D2-8B11C5F0E803}
		{E252D0B9-74A1-B468-849B-C426CE793467} = {EC5B3E39-AAC7-41D9-82D2-8B11C5F0E803}
		{6EE121D2-B717-E4CF-F6E7-B5B66ABB5893} = {EC5B3E39-AAC7-41D9-82D2-8B11C5F0E803}
	EndGlobalSection
	GlobalSection(ExtensibilityGlobals) = postSolution
		SolutionGuid = {FA171092-34E0-4525-A66F-9CFA1775AB01}
	EndGlobalSection
EndGlobal
